<Solution>
  <Folder Name="/src/">
    <Project Path="src/Unityctl.Cli/Unityctl.Cli.csproj" />
    <Project Path="src/Unityctl.Shared/Unityctl.Shared.csproj" />
  </Folder>
  <Folder Name="/tests/">
    <Project Path="tests/Unityctl.Cli.Tests/Unityctl.Cli.Tests.csproj" />
    <Project Path="tests/Unityctl.Shared.Tests/Unityctl.Shared.Tests.csproj" />
  </Folder>
</Solution>
